
Microsoft Visual Studio Solution File, Format Version 12.00
# Visual Studio Version 18
VisualStudioVersion = 18.6.11819.183 stable
MinimumVisualStudioVersion = 10.0.40219.1
Project("{FAE04EC0-301F-11D3-BF4B-00C04F79EFBC}") = "SIGEFA", "SIGEFA.csproj", "{0A5078D0-AFD9-7131-C18F-3C871DDD8F85}"
EndProject
Global
	GlobalSection(SolutionConfigurationPlatforms) = preSolution
		Debug|Any CPU = Debug|Any CPU
		Release|Any CPU = Release|Any CPU
	EndGlobalSection
	GlobalSection(ProjectConfigurationPlatforms) = postSolution
		{0A5078D0-AFD9-7131-C18F-3C871DDD8F85}.Debug|Any CPU.ActiveCfg = Debug|Any CPU
		{0A5078D0-AFD9-7131-C18F-3C871DDD8F85}.Debug|Any CPU.Build.0 = Debug|Any CPU
		{0A5078D0-AFD9-7131-C18F-3C871DDD8F85}.Release|Any CPU.ActiveCfg = Release|Any CPU
		{0A5078D0-AFD9-7131-C18F-3C871DDD8F85}.Release|Any CPU.Build.0 = Release|Any CPU
	EndGlobalSection
	GlobalSection(SolutionProperties) = preSolution
		HideSolutionNode = FALSE
	EndGlobalSection
	GlobalSection(ExtensibilityGlobals) = postSolution
		SolutionGuid = {4DE3A312-9410-4D53-807B-719511245E8D}
	EndGlobalSection
EndGlobal
